
Microsoft Visual Studio Solution File, Format Version 12.00
# Visual Studio Version 17
VisualStudioVersion = 17.5.33414.496
MinimumVisualStudioVersion = 10.0.40219.1
Project("{FAE04EC0-301F-11D3-BF4B-00C04F79EFBC}") = "Book_Store_Management_System", "Book_Store_Management_System\Book_Store_Management_System.csproj", "{CBBAB3E4-E562-4011-B8C8-2E329DDC7295}"
EndProject
Global
	GlobalSection(SolutionConfigurationPlatforms) = preSolution
		Debug|Any CPU = Debug|Any CPU
		Release|Any CPU = Release|Any CPU
	EndGlobalSection
	GlobalSection(ProjectConfigurationPlatforms) = postSolution
		{CBBAB3E4-E562-4011-B8C8-2E329DDC7295}.Debug|Any CPU.ActiveCfg = Debug|Any CPU
		{CBBAB3E4-E562-4011-B8C8-2E329DDC7295}.Debug|Any CPU.Build.0 = Debug|Any CPU
		{CBBAB3E4-E562-4011-B8C8-2E329DDC7295}.Release|Any CPU.ActiveCfg = Release|Any CPU
		{CBBAB3E4-E562-4011-B8C8-2E329DDC7295}.Release|Any CPU.Build.0 = Release|Any CPU
	EndGlobalSection
	GlobalSection(SolutionProperties) = preSolution
		HideSolutionNode = FALSE
	EndGlobalSection
	GlobalSection(ExtensibilityGlobals) = postSolution
		SolutionGuid = {5C296872-DAC5-43B7-B7E8-A9EA4ED47214}
	EndGlobalSection
EndGlobal
